
Microsoft Visual Studio Solution File, Format Version 12.00
# Visual Studio Version 16
VisualStudioVersion = 16.0.30413.136
MinimumVisualStudioVersion = 10.0.40219.1
Project("{FAE04EC0-301F-11D3-BF4B-00C04F79EFBC}") = "MajssaimnIzd", "MajssaimnIzd\MajssaimnIzd.csproj", "{9947D9CB-E700-46D8-A07F-89DE5C79ECEC}"
EndProject
Global
	GlobalSection(SolutionConfigurationPlatforms) = preSolution
		Debug|Any CPU = Debug|Any CPU
		Release|Any CPU = Release|Any CPU
	EndGlobalSection
	GlobalSection(ProjectConfigurationPlatforms) = postSolution
		{9947D9CB-E700-46D8-A07F-89DE5C79ECEC}.Debug|Any CPU.ActiveCfg = Debug|Any CPU
		{9947D9CB-E700-46D8-A07F-89DE5C79ECEC}.Debug|Any CPU.Build.0 = Debug|Any CPU
		{9947D9CB-E700-46D8-A07F-89DE5C79ECEC}.Release|Any CPU.ActiveCfg = Release|Any CPU
		{9947D9CB-E700-46D8-A07F-89DE5C79ECEC}.Release|Any CPU.Build.0 = Release|Any CPU
	EndGlobalSection
	GlobalSection(SolutionProperties) = preSolution
		HideSolutionNode = FALSE
	EndGlobalSection
	GlobalSection(ExtensibilityGlobals) = postSolution
		SolutionGuid = {E2E2748E-8BD3-4F49-9159-A66830D8B90E}
	EndGlobalSection
EndGlobal
